
Microsoft Visual Studio Solution File, Format Version 12.00
# Visual Studio Version 17
VisualStudioVersion = 17.7.34031.279
MinimumVisualStudioVersion = 10.0.40219.1
Project("{9A19103F-16F7-4668-BE54-9A1E7A4F7556}") = "SecurityServices", "SecurityServices\SecurityServices.csproj", "{42A528C9-A8D5-4B59-B765-A45C83EB5239}"
EndProject
Global
	GlobalSection(SolutionConfigurationPlatforms) = preSolution
		Debug|Any CPU = Debug|Any CPU
		Release|Any CPU = Release|Any CPU
	EndGlobalSection
	GlobalSection(ProjectConfigurationPlatforms) = postSolution
		{42A528C9-A8D5-4B59-B765-A45C83EB5239}.Debug|Any CPU.ActiveCfg = Debug|Any CPU
		{42A528C9-A8D5-4B59-B765-A45C83EB5239}.Debug|Any CPU.Build.0 = Debug|Any CPU
		{42A528C9-A8D5-4B59-B765-A45C83EB5239}.Release|Any CPU.ActiveCfg = Release|Any CPU
		{42A528C9-A8D5-4B59-B765-A45C83EB5239}.Release|Any CPU.Build.0 = Release|Any CPU
	EndGlobalSection
	GlobalSection(SolutionProperties) = preSolution
		HideSolutionNode = FALSE
	EndGlobalSection
	GlobalSection(ExtensibilityGlobals) = postSolution
		SolutionGuid = {89D632E2-B8AB-48D5-8169-3E33A9B332D4}
	EndGlobalSection
EndGlobal
